
Microsoft Visual Studio Solution File, Format Version 12.00
# Visual Studio Version 17
VisualStudioVersion = 17.11.35208.52
MinimumVisualStudioVersion = 10.0.40219.1
Project("{FAE04EC0-301F-11D3-BF4B-00C04F79EFBC}") = "LocationApp", "WebApplication1\LocationApp.csproj", "{F52DE541-128B-4254-BB04-13A647EA374D}"
EndProject
Project("{FAE04EC0-301F-11D3-BF4B-00C04F79EFBC}") = "Domain", "domain\Domain.csproj", "{58B02393-F50E-4665-89D5-E8C01BE31999}"
EndProject
Global
	GlobalSection(SolutionConfigurationPlatforms) = preSolution
		Debug|Any CPU = Debug|Any CPU
		Release|Any CPU = Release|Any CPU
	EndGlobalSection
	GlobalSection(ProjectConfigurationPlatforms) = postSolution
		{F52DE541-128B-4254-BB04-13A647EA374D}.Debug|Any CPU.ActiveCfg = Debug|Any CPU
		{F52DE541-128B-4254-BB04-13A647EA374D}.Debug|Any CPU.Build.0 = Debug|Any CPU
		{F52DE541-128B-4254-BB04-13A647EA374D}.Release|Any CPU.ActiveCfg = Release|Any CPU
		{F52DE541-128B-4254-BB04-13A647EA374D}.Release|Any CPU.Build.0 = Release|Any CPU
		{58B02393-F50E-4665-89D5-E8C01BE31999}.Debug|Any CPU.ActiveCfg = Debug|Any CPU
		{58B02393-F50E-4665-89D5-E8C01BE31999}.Debug|Any CPU.Build.0 = Debug|Any CPU
		{58B02393-F50E-4665-89D5-E8C01BE31999}.Release|Any CPU.ActiveCfg = Release|Any CPU
		{58B02393-F50E-4665-89D5-E8C01BE31999}.Release|Any CPU.Build.0 = Release|Any CPU
	EndGlobalSection
	GlobalSection(SolutionProperties) = preSolution
		HideSolutionNode = FALSE
	EndGlobalSection
	GlobalSection(ExtensibilityGlobals) = postSolution
		SolutionGuid = {ED7B69B5-3148-4622-BAC4-27DCE7E36427}
	EndGlobalSection
EndGlobal
